
Microsoft Visual Studio Solution File, Format Version 12.00
# Visual Studio Version 16
VisualStudioVersion = 16.0.31019.35
MinimumVisualStudioVersion = 10.0.40219.1
Project("{FAE04EC0-301F-11D3-BF4B-00C04F79EFBC}") = "XxxFitnessCLub", "XxxFitnessCLub\XxxFitnessCLub.csproj", "{1CEE8920-F855-404E-943D-2B3C4BB419BC}"
EndProject
Global
	
	GlobalSection(SolutionProperties) = preSolution
		HideSolutionNode = FALSE
	EndGlobalSection
	GlobalSection(ExtensibilityGlobals) = postSolution
		SolutionGuid = {DD56A531-8615-4389-9FBA-7C811437DE2B}
	EndGlobalSection
EndGlobal
